
Microsoft Visual Studio Solution File, Format Version 12.00
# Visual Studio 15
VisualStudioVersion = 15.0.28307.757
MinimumVisualStudioVersion = 10.0.40219.1
Project("{FAE04EC0-301F-11D3-BF4B-00C04F79EFBC}") = "Aug 27 work", "Aug 27 work\Aug 27 work.csproj", "{BEFA955E-7311-4A8F-B771-391E9D6088CC}"
EndProject
Global
	GlobalSection(SolutionConfigurationPlatforms) = preSolution
		Debug|Any CPU = Debug|Any CPU
		Release|Any CPU = Release|Any CPU
	EndGlobalSection
	GlobalSection(ProjectConfigurationPlatforms) = postSolution
		{BEFA955E-7311-4A8F-B771-391E9D6088CC}.Debug|Any CPU.ActiveCfg = Debug|Any CPU
		{BEFA955E-7311-4A8F-B771-391E9D6088CC}.Debug|Any CPU.Build.0 = Debug|Any CPU
		{BEFA955E-7311-4A8F-B771-391E9D6088CC}.Release|Any CPU.ActiveCfg = Release|Any CPU
		{BEFA955E-7311-4A8F-B771-391E9D6088CC}.Release|Any CPU.Build.0 = Release|Any CPU
	EndGlobalSection
	GlobalSection(SolutionProperties) = preSolution
		HideSolutionNode = FALSE
	EndGlobalSection
	GlobalSection(ExtensibilityGlobals) = postSolution
		SolutionGuid = {AF7375F5-2AC9-4977-8144-6B9BD86F6172}
	EndGlobalSection
EndGlobal
